
Microsoft Visual Studio Solution File, Format Version 12.00
# Visual Studio Version 17
VisualStudioVersion = 17.6.33723.286
MinimumVisualStudioVersion = 10.0.40219.1
Project("{FAE04EC0-301F-11D3-BF4B-00C04F79EFBC}") = "TimersAndDate", "TimersAndDate\TimersAndDate.csproj", "{734CDFFA-72EA-43CB-A60F-E934FCA7828F}"
EndProject
Global
	GlobalSection(SolutionConfigurationPlatforms) = preSolution
		Debug|Any CPU = Debug|Any CPU
		Release|Any CPU = Release|Any CPU
	EndGlobalSection
	GlobalSection(ProjectConfigurationPlatforms) = postSolution
		{734CDFFA-72EA-43CB-A60F-E934FCA7828F}.Debug|Any CPU.ActiveCfg = Debug|Any CPU
		{734CDFFA-72EA-43CB-A60F-E934FCA7828F}.Debug|Any CPU.Build.0 = Debug|Any CPU
		{734CDFFA-72EA-43CB-A60F-E934FCA7828F}.Release|Any CPU.ActiveCfg = Release|Any CPU
		{734CDFFA-72EA-43CB-A60F-E934FCA7828F}.Release|Any CPU.Build.0 = Release|Any CPU
	EndGlobalSection
	GlobalSection(SolutionProperties) = preSolution
		HideSolutionNode = FALSE
	EndGlobalSection
	GlobalSection(ExtensibilityGlobals) = postSolution
		SolutionGuid = {D6637DE0-5BEC-4DA3-90C9-2B28D9287AB2}
	EndGlobalSection
EndGlobal
